
Microsoft Visual Studio Solution File, Format Version 12.00
# Visual Studio Version 16
VisualStudioVersion = 16.0.31205.134
MinimumVisualStudioVersion = 10.0.40219.1
Project("{2150E333-8FDC-42A3-9474-1A3956D46DE8}") = "src", "src", "{E1E4285F-18C2-41B8-87A9-B3713636BBBB}"
EndProject
Project("{2150E333-8FDC-42A3-9474-1A3956D46DE8}") = "tests", "tests", "{EE9BDA77-2287-4CD6-BCFC-0ABE043DE4FA}"
EndProject
Project("{9A19103F-16F7-4668-BE54-9A1E7A4F7556}") = "Mediator.Web", "src\Mediator.Web\Mediator.Web.csproj", "{B633F932-704D-4553-9AD6-9AA8BB5753AC}"
EndProject
Project("{9A19103F-16F7-4668-BE54-9A1E7A4F7556}") = "Mediator.Models", "src\Mediator.Models\Mediator.Models.csproj", "{CD887BF8-B3F6-405B-ACC8-8045ADD69478}"
EndProject
Project("{9A19103F-16F7-4668-BE54-9A1E7A4F7556}") = "Mediator.Logic", "src\Mediator.Logic\Mediator.Logic.csproj", "{196A3BF7-2489-4CC5-B77F-7AFA31FAFA95}"
EndProject
Global
	GlobalSection(SolutionConfigurationPlatforms) = preSolution
		Debug|Any CPU = Debug|Any CPU
		Release|Any CPU = Release|Any CPU
	EndGlobalSection
	GlobalSection(ProjectConfigurationPlatforms) = postSolution
		{B633F932-704D-4553-9AD6-9AA8BB5753AC}.Debug|Any CPU.ActiveCfg = Debug|Any CPU
		{B633F932-704D-4553-9AD6-9AA8BB5753AC}.Debug|Any CPU.Build.0 = Debug|Any CPU
		{B633F932-704D-4553-9AD6-9AA8BB5753AC}.Release|Any CPU.ActiveCfg = Release|Any CPU
		{B633F932-704D-4553-9AD6-9AA8BB5753AC}.Release|Any CPU.Build.0 = Release|Any CPU
		{CD887BF8-B3F6-405B-ACC8-8045ADD69478}.Debug|Any CPU.ActiveCfg = Debug|Any CPU
		{CD887BF8-B3F6-405B-ACC8-8045ADD69478}.Debug|Any CPU.Build.0 = Debug|Any CPU
		{CD887BF8-B3F6-405B-ACC8-8045ADD69478}.Release|Any CPU.ActiveCfg = Release|Any CPU
		{CD887BF8-B3F6-405B-ACC8-8045ADD69478}.Release|Any CPU.Build.0 = Release|Any CPU
		{196A3BF7-2489-4CC5-B77F-7AFA31FAFA95}.Debug|Any CPU.ActiveCfg = Debug|Any CPU
		{196A3BF7-2489-4CC5-B77F-7AFA31FAFA95}.Debug|Any CPU.Build.0 = Debug|Any CPU
		{196A3BF7-2489-4CC5-B77F-7AFA31FAFA95}.Release|Any CPU.ActiveCfg = Release|Any CPU
		{196A3BF7-2489-4CC5-B77F-7AFA31FAFA95}.Release|Any CPU.Build.0 = Release|Any CPU
	EndGlobalSection
	GlobalSection(SolutionProperties) = preSolution
		HideSolutionNode = FALSE
	EndGlobalSection
	GlobalSection(NestedProjects) = preSolution
		{B633F932-704D-4553-9AD6-9AA8BB5753AC} = {E1E4285F-18C2-41B8-87A9-B3713636BBBB}
		{CD887BF8-B3F6-405B-ACC8-8045ADD69478} = {E1E4285F-18C2-41B8-87A9-B3713636BBBB}
		{196A3BF7-2489-4CC5-B77F-7AFA31FAFA95} = {E1E4285F-18C2-41B8-87A9-B3713636BBBB}
	EndGlobalSection
	GlobalSection(ExtensibilityGlobals) = postSolution
		SolutionGuid = {166D4B90-6947-420D-9FB4-3BA0352CADCD}
	EndGlobalSection
EndGlobal
